
Microsoft Visual Studio Solution File, Format Version 12.00
# Visual Studio Version 17
VisualStudioVersion = 17.9.34616.47
MinimumVisualStudioVersion = 10.0.40219.1
Project("{FAE04EC0-301F-11D3-BF4B-00C04F79EFBC}") = "ParcialLogica2", "ParcialLogica2\ParcialLogica2.csproj", "{855ABBB0-2AF6-4D6D-967C-A002C37D65FD}"
EndProject
Global
	GlobalSection(SolutionConfigurationPlatforms) = preSolution
		Debug|Any CPU = Debug|Any CPU
		Release|Any CPU = Release|Any CPU
	EndGlobalSection
	GlobalSection(ProjectConfigurationPlatforms) = postSolution
		{855ABBB0-2AF6-4D6D-967C-A002C37D65FD}.Debug|Any CPU.ActiveCfg = Debug|Any CPU
		{855ABBB0-2AF6-4D6D-967C-A002C37D65FD}.Debug|Any CPU.Build.0 = Debug|Any CPU
		{855ABBB0-2AF6-4D6D-967C-A002C37D65FD}.Release|Any CPU.ActiveCfg = Release|Any CPU
		{855ABBB0-2AF6-4D6D-967C-A002C37D65FD}.Release|Any CPU.Build.0 = Release|Any CPU
	EndGlobalSection
	GlobalSection(SolutionProperties) = preSolution
		HideSolutionNode = FALSE
	EndGlobalSection
	GlobalSection(ExtensibilityGlobals) = postSolution
		SolutionGuid = {4255A839-84DE-4FCA-B5C2-4747A65B9EAF}
	EndGlobalSection
EndGlobal
